
Microsoft Visual Studio Solution File, Format Version 12.00
# Visual Studio Version 17
VisualStudioVersion = 17.6.33815.320
MinimumVisualStudioVersion = 10.0.40219.1
Project("{FAE04EC0-301F-11D3-BF4B-00C04F79EFBC}") = "Rochas.MailSender", "Rochas.MailSender\Rochas.MailSender.csproj", "{7EA7D500-184E-4773-8717-0EC93F57949E}"
EndProject
Global
	GlobalSection(SolutionConfigurationPlatforms) = preSolution
		Debug|Any CPU = Debug|Any CPU
		Release|Any CPU = Release|Any CPU
	EndGlobalSection
	GlobalSection(ProjectConfigurationPlatforms) = postSolution
		{7EA7D500-184E-4773-8717-0EC93F57949E}.Debug|Any CPU.ActiveCfg = Debug|Any CPU
		{7EA7D500-184E-4773-8717-0EC93F57949E}.Debug|Any CPU.Build.0 = Debug|Any CPU
		{7EA7D500-184E-4773-8717-0EC93F57949E}.Release|Any CPU.ActiveCfg = Release|Any CPU
		{7EA7D500-184E-4773-8717-0EC93F57949E}.Release|Any CPU.Build.0 = Release|Any CPU
	EndGlobalSection
	GlobalSection(SolutionProperties) = preSolution
		HideSolutionNode = FALSE
	EndGlobalSection
	GlobalSection(ExtensibilityGlobals) = postSolution
		SolutionGuid = {794BC294-D89A-4137-8E08-9F9465FD3021}
	EndGlobalSection
EndGlobal
